# THIS IS AN AUTOGENERATED FILE. DO NOT EDIT THIS FILE DIRECTLY.
# yarn lockfile v1


"@babel/code-frame@^7.0.0":
  version "7.29.7"
  resolved "https://registry.yarnpkg.com/@babel/code-frame/-/code-frame-7.29.7.tgz#f2fbbfea87c44a21590ec515b778b2c26d8866e7"
  integrity sha512-Aup7aUOfpbAUg2ROOJN6Iw5f9DMBlzu0mIkm/malLQFN/YQgO48wCj0Kxa3sEHJvPVFg7siR+qRInwXd2qhQKw==
  dependencies:
    "@babel/helper-validator-identifier" "^7.29.7"
    js-tokens "^4.0.0"
    picocolors "^1.1.1"

"@babel/helper-validator-identifier@^7.29.7":
  version "7.29.7"
  resolved "https://registry.yarnpkg.com/@babel/helper-validator-identifier/-/helper-validator-identifier-7.29.7.tgz#bd87084ced0c796ec46bda492de6e83d29e89fc2"
  integrity sha512-qehxGkRj55h/ff8EMaJ+cYhyaKlHIxqYDn682wQD7RNp9UujOQsHog2uS0r2vzr4pW+sXf90NeeayjcNaX3fFg==

"@csstools/selector-resolve-nested@^4.0.1":
  version "4.0.1"
  resolved "https://registry.yarnpkg.com/@csstools/selector-resolve-nested/-/selector-resolve-nested-4.0.1.tgz#2b42c036c5ef3d400561458bdf1790466e0fe99a"
  integrity sha512-j3vdQu0XwLME5qOTWxm8cnmvsf423R2YL6DbKklCHZwkDm7UdKNu6RPlw4REIJhSlKBICY3B70/7QZdicLqZgg==

"@csstools/selector-specificity@^6.0.0":
  version "6.0.0"
  resolved "https://registry.yarnpkg.com/@csstools/selector-specificity/-/selector-specificity-6.0.0.tgz#ef28e27c1ded1d8e5c54879a9399e7055aed1920"
  integrity sha512-4sSgl78OtOXEX/2d++8A83zHNTgwCJMaR24FvsYL7Uf/VS8HZk9PTwR51elTbGqMuwH3szLvvOXEaVnqn0Z3zA==

"@emnapi/core@1.11.3":
  version "1.11.3"
  resolved "https://registry.yarnpkg.com/@emnapi/core/-/core-1.11.3.tgz#5e95348a42cd1e06f0b9aa380cd74091daa4d520"
  integrity sha512-zLpS5asjEb7lq8jYLq37N6XKaE41DIexlY1rF/z4/tIl3wo13Sqm28fRyfIsKZD+NZ8mM5RoKkpW/rBcuoSZSg==
  dependencies:
    "@emnapi/wasi-threads" "1.2.3"
    tslib "^2.4.0"

"@emnapi/runtime@1.11.3":
  version "1.11.3"
  resolved "https://registry.yarnpkg.com/@emnapi/runtime/-/runtime-1.11.3.tgz#84257ae3b0531eb2aec1ffa23d70700da007ba95"
  integrity sha512-Xz4Tpyki7XyrpbUK1jR1AhdAdaXyhhY4lZ3neLodmhpuWfy2PAQN5B46sAiU4liOXGLkHypn/qU+jvfWSCYYLA==
  dependencies:
    tslib "^2.4.0"

"@emnapi/wasi-threads@1.2.3":
  version "1.2.3"
  resolved "https://registry.yarnpkg.com/@emnapi/wasi-threads/-/wasi-threads-1.2.3.tgz#c9bf72fd4be5b928aee894820e8d814ed73916e9"
  integrity sha512-ELEBe8PsLvvJ6QMr0zLt8ffvOHW/dc1m3CEzNMg7aJUv3bMaoDtw2TXyDAwkYBuroxxuHEwhRTLJSe5sya547g==
  dependencies:
    tslib "^2.4.0"

"@napi-rs/wasm-runtime@1.1.6":
  version "1.1.6"
  resolved "https://registry.yarnpkg.com/@napi-rs/wasm-runtime/-/wasm-runtime-1.1.6.tgz#ed33806d0f9be98dc76d0c3d4fd872fda701b5d5"
  integrity sha512-ZLv/JdUfkvOy9eCnnBaGfiO+XimbjebAeO+MRQqD/B+FR1tnRN0tpKSJHRbE8sFfS6aqsXZ67TQjfwfsxULVbg==
  dependencies:
    "@tybys/wasm-util" "^0.10.3"

"@rspack/binding-darwin-arm64@2.1.10":
  version "2.1.10"
  resolved "https://registry.yarnpkg.com/@rspack/binding-darwin-arm64/-/binding-darwin-arm64-2.1.10.tgz#7c3dd153a5f540540c73f18bdc3deb25b3ce1c10"
  integrity sha512-DZlcTpbIb2mjeS1aSG4k01UH33Zj7T+k8ZylPK6HmsKs4JvK4wgpWFC78WVv3p/Aj3MZS6DwtDLwpZ2Ihj/fpg==

"@rspack/binding-darwin-x64@2.1.10":
  version "2.1.10"
  resolved "https://registry.yarnpkg.com/@rspack/binding-darwin-x64/-/binding-darwin-x64-2.1.10.tgz#44a20cd8ef8c05df3eb91fe08e96c07effc5a3fe"
  integrity sha512-my/0h2LwxCRT6cg3oDDC2e0ZOxQLVajAdIcv0fqnQk5JRNvVuL89PuTutitnSqie1A0/JSL8OQz5XHwmoS3kow==

"@rspack/binding-linux-arm64-gnu@2.1.10":
  version "2.1.10"
  resolved "https://registry.yarnpkg.com/@rspack/binding-linux-arm64-gnu/-/binding-linux-arm64-gnu-2.1.10.tgz#b30fdae67c4c2c2812f71317aa4bc5371788a894"
  integrity sha512-laevn9g+E5PAUEGqiKe6Ju5KApsuQYp+bPI17XS3Lkl8eqL5pS/BmHYU7QMlst4GzV8+wlruVTMh//+st6Vqzg==

"@rspack/binding-linux-arm64-musl@2.1.10":
  version "2.1.10"
  resolved "https://registry.yarnpkg.com/@rspack/binding-linux-arm64-musl/-/binding-linux-arm64-musl-2.1.10.tgz#931c9b49b347afa0a4de9efd533b5ca42cf6b3a9"
  integrity sha512-V71+Qz5G72+ROZXrJn5zxOszdG1AEbO8pcC/itXXtf4yRR6a3bVHKNKGhipBNxb8eI6cnD/01FH1h3ZG655jLw==

"@rspack/binding-linux-ppc64-gnu@2.1.10":
  version "2.1.10"
  resolved "https://registry.yarnpkg.com/@rspack/binding-linux-ppc64-gnu/-/binding-linux-ppc64-gnu-2.1.10.tgz#0c9f3c8f787c340913673bc04fdb4c57fbb018bf"
  integrity sha512-U7HlNzHcDtZ+LYOtOJmtx67kHEybZzUUAaP7aEXjGYO5WTCgh/176sW2UYP0rmZLrgUNFUuzn+B98RLaClNaVg==

"@rspack/binding-linux-riscv64-gnu@2.1.10":
  version "2.1.10"
  resolved "https://registry.yarnpkg.com/@rspack/binding-linux-riscv64-gnu/-/binding-linux-riscv64-gnu-2.1.10.tgz#2154493147a41e53fd5170b1f18ae78b6b92d3f3"
  integrity sha512-GMGTJpy9/ecE+5F5IfxZH4bXv0Wx/b2TiehTlCbTksbL+pKpLHYy0rwGdjWDKbmBkhxMMqPiC7PDnn9LbdnnLA==

"@rspack/binding-linux-riscv64-musl@2.1.10":
  version "2.1.10"
  resolved "https://registry.yarnpkg.com/@rspack/binding-linux-riscv64-musl/-/binding-linux-riscv64-musl-2.1.10.tgz#a91ba3a5db9c25e08a19c1111b5a6bc72c7318cd"
  integrity sha512-rkurnAWc04vIbzG1QCrPBWSJadZvaOt1mazFH3EdiJO8VUiu0I1T9zdiwuDOPrd50lOKIZlcTXbd5aaAkWEnvQ==

"@rspack/binding-linux-s390x-gnu@2.1.10":
  version "2.1.10"
  resolved "https://registry.yarnpkg.com/@rspack/binding-linux-s390x-gnu/-/binding-linux-s390x-gnu-2.1.10.tgz#bc745470c05ccb367c0f1f8812f4e8c509246e7a"
  integrity sha512-X+DyxkriZEAF/wihI7ERDv+CAS0mbMv36aEuQ+vXzTlvS6cSmpou/r29AHbvIF3NlG1UeAbDVlOs9QrMBZjpUQ==

"@rspack/binding-linux-x64-gnu@2.1.10":
  version "2.1.10"
  resolved "https://registry.yarnpkg.com/@rspack/binding-linux-x64-gnu/-/binding-linux-x64-gnu-2.1.10.tgz#225b7e0eea37fdba53d08787fdba1c8f81ffb5a7"
  integrity sha512-Fat09V6jUuyo9qG7Wyj9cQ31VDfLmokXyBtGqKxY5OvSWHereB7QUub5btbPXHwbp6Iq4aAQyUbbLTzvR1YaBw==

"@rspack/binding-linux-x64-musl@2.1.10":
  version "2.1.10"
  resolved "https://registry.yarnpkg.com/@rspack/binding-linux-x64-musl/-/binding-linux-x64-musl-2.1.10.tgz#c71a6fd3091284f506eeeedf71e8149ef68ae855"
  integrity sha512-lhHOnIJ4ClpIlA1f1L8aoxEZivYLjnjq5A6jKKz7BKsm+cHK8kqqEm6lO5KqA5xQT0Lonq1o28bmKHEj6JHInw==

"@rspack/binding-wasm32-wasi@2.1.10":
  version "2.1.10"
  resolved "https://registry.yarnpkg.com/@rspack/binding-wasm32-wasi/-/binding-wasm32-wasi-2.1.10.tgz#1a307abeb0269360fea9db2e172c0dc8f17c1868"
  integrity sha512-KY5YbWbuvYcoaLXnV+vzZOvGRCeb6jt4EpVpKdph1h1IJjwX/ju15EQ+GOe3iecZEdf0OttQcNVcwBkLkFT9ag==
  dependencies:
    "@emnapi/core" "1.11.3"
    "@emnapi/runtime" "1.11.3"
    "@napi-rs/wasm-runtime" "1.1.6"

"@rspack/binding-win32-arm64-msvc@2.1.10":
  version "2.1.10"
  resolved "https://registry.yarnpkg.com/@rspack/binding-win32-arm64-msvc/-/binding-win32-arm64-msvc-2.1.10.tgz#118b7de9dd67663ec5e94897c1f1aa1558c21a4c"
  integrity sha512-z4GWzMLofaDGpAt9Z+MlN88LlUBDm+zM6R2GdOOPM6/4g/h3/+47OP7casmSL3AwTGYBEJqogwt08sRSosB6Cg==

"@rspack/binding-win32-ia32-msvc@2.1.10":
  version "2.1.10"
  resolved "https://registry.yarnpkg.com/@rspack/binding-win32-ia32-msvc/-/binding-win32-ia32-msvc-2.1.10.tgz#050e13f31e6d5145cf057db69d6333cc5f9f3858"
  integrity sha512-7qcWdsZ+GuGtzKjqgy7wTN7Dso/ezIY8yhx1r2yIbcczdmXj4FhaEampMDp/25HwtKwIGBBoh6HHSt3JWxpTUg==

"@rspack/binding-win32-x64-msvc@2.1.10":
  version "2.1.10"
  resolved "https://registry.yarnpkg.com/@rspack/binding-win32-x64-msvc/-/binding-win32-x64-msvc-2.1.10.tgz#abf0e7787036535d42bb627444dc475341b5d8bb"
  integrity sha512-pgp23pLrzfhGnKycxzr7ifP17lAbWZEfnx1bX8gXtYrnpJ66DRNyTKSzxB6sa/HBWjS1L8PX5TjMZ44WfPydqQ==

"@rspack/binding@2.1.10":
  version "2.1.10"
  resolved "https://registry.yarnpkg.com/@rspack/binding/-/binding-2.1.10.tgz#74b496e68f9c8efdd5f8fae0419067b628838141"
  integrity sha512-vnu/UP5HnrND15lO9+VeG6eUrbTyycHNQNQ3XEiRiFojuoiGZkIZC3Hbzr8qQH44C6vScPODEPvvIVvLcO2LpQ==
  optionalDependencies:
    "@rspack/binding-darwin-arm64" "2.1.10"
    "@rspack/binding-darwin-x64" "2.1.10"
    "@rspack/binding-linux-arm64-gnu" "2.1.10"
    "@rspack/binding-linux-arm64-musl" "2.1.10"
    "@rspack/binding-linux-ppc64-gnu" "2.1.10"
    "@rspack/binding-linux-riscv64-gnu" "2.1.10"
    "@rspack/binding-linux-riscv64-musl" "2.1.10"
    "@rspack/binding-linux-s390x-gnu" "2.1.10"
    "@rspack/binding-linux-x64-gnu" "2.1.10"
    "@rspack/binding-linux-x64-musl" "2.1.10"
    "@rspack/binding-wasm32-wasi" "2.1.10"
    "@rspack/binding-win32-arm64-msvc" "2.1.10"
    "@rspack/binding-win32-ia32-msvc" "2.1.10"
    "@rspack/binding-win32-x64-msvc" "2.1.10"

"@rspack/cli@^2.1.10":
  version "2.1.10"
  resolved "https://registry.yarnpkg.com/@rspack/cli/-/cli-2.1.10.tgz#e0085ab6dda04140beba2b00beb26cd49ac74321"
  integrity sha512-qkuQQ3PzD2sTS2tBAWyWNeOeZmPxRBzB+eNDBhCZmbm8DoMPujW2VQj0k9CulrkBq9sBxU8fQ+5Z/ELzbz5S8g==

"@rspack/core@^2.1.10":
  version "2.1.10"
  resolved "https://registry.yarnpkg.com/@rspack/core/-/core-2.1.10.tgz#637a25f1f9098348a62a62271a62b61762ac44ec"
  integrity sha512-YSS2/Xxz8uiG/KXDkqOoA3dTetNo/vysk7bAexQOrU8iuq7JuzDTTAwLKvWZnwmvME8M8m5wcM4YvfIwYmidHA==
  dependencies:
    "@rspack/binding" "2.1.10"

"@rspack/dev-middleware@^2.0.3":
  version "2.0.3"
  resolved "https://registry.yarnpkg.com/@rspack/dev-middleware/-/dev-middleware-2.0.3.tgz#48d2a4638721f5095bbe2f8cadd2494639701e96"
  integrity sha512-GxnGj9jy76G3eCPyZei81fwKLAMLZaPEEqFz1/QDYquhwi/qYZX5fekFJ1XVpuwxGEK9KSX3hxZylfwrs4cmLA==

"@rspack/dev-server@^2.2.0":
  version "2.2.0"
  resolved "https://registry.yarnpkg.com/@rspack/dev-server/-/dev-server-2.2.0.tgz#85634a2d19749597920381af3bcb5dcacb1593cb"
  integrity sha512-Bd0DNphOJ5/KAm3bFpUUZeP7O6jvVDNdXJEmlpsVZLfdSgjmrd6Ut/EHCBv95tmiwOQN0M41SdvlUU4f855HFA==
  dependencies:
    "@rspack/dev-middleware" "^2.0.3"

"@swc/helpers@^0.5.19":
  version "0.5.23"
  resolved "https://registry.yarnpkg.com/@swc/helpers/-/helpers-0.5.23.tgz#19287d0d86d962b111376039a50c792902c9a86a"
  integrity sha512-5lSsMOTXURePglDfvuAQUqkGek9Hg2kksOYay2m0+XR++b2NWYL/4sWyuvVBIs8oKnJaxkdi9whaL/sqN13afw==
  dependencies:
    tslib "^2.8.0"

"@tybys/wasm-util@^0.10.3":
  version "0.10.3"
  resolved "https://registry.yarnpkg.com/@tybys/wasm-util/-/wasm-util-0.10.3.tgz#015cba9e9dd47ce14d03d2a8c5d547bfb169665d"
  integrity sha512-F3fo1MYrRJYL3zER0OUOmkutjr1Vp23m7OsSgp7nq4SP6OqX6C/56XFIPAl5bt3zaBRjmW7SGz3u/6LwFpYcOg==
  dependencies:
    tslib "^2.4.0"

argparse@^2.0.1:
  version "2.0.1"
  resolved "https://registry.yarnpkg.com/argparse/-/argparse-2.0.1.tgz#246f50f3ca78a3240f6c997e8a9bd1eac49e4b38"
  integrity sha512-8+9WqebbFzpX9OR+Wa6O29asIogeRMzcGtAINdpMHHyAg10f05aSFVBbcEqGf/PXw1EjAZ+q2/bEBg3DvurK3Q==

autoprefixer@^10.5.4:
  version "10.5.4"
  resolved "https://registry.yarnpkg.com/autoprefixer/-/autoprefixer-10.5.4.tgz#3b7dd848b4155514a95ad1f6ce598844bea09697"
  integrity sha512-MaU0U/za7N3r6brxD4YB/l4NSrFzLPlANv6wEuQVaIPlD3L4W9rFcQPbL/EilY9BHhHvhfcz3gInDLrEtWT4EA==
  dependencies:
    browserslist "^4.28.6"
    caniuse-lite "^1.0.30001806"
    fraction.js "^5.3.4"
    picocolors "^1.1.1"
    postcss-value-parser "^4.2.0"

baseline-browser-mapping@^2.11.12:
  version "2.11.15"
  resolved "https://registry.yarnpkg.com/baseline-browser-mapping/-/baseline-browser-mapping-2.11.15.tgz#9c0cac93d7d304f3d61bb41088a102cd62e68676"
  integrity sha512-FwMjJJ7HnyZpWe+oWxegG0fezZyBZUagI5LZEoO3GCbtbKNwRfMH9Ue5d5v01PNePBy1QSfPSDTTeVL0Hb9EzA==

browserslist@^4.28.6:
  version "4.28.8"
  resolved "https://registry.yarnpkg.com/browserslist/-/browserslist-4.28.8.tgz#a3c79ceb70028527e5da7dafc887f3200b5168c0"
  integrity sha512-V2NpofLblG64mfOtSgDhOJESZEGogzDMBv/q+W6oc4LXWP/q75eOXoOaaOu1EOadB9U4Bwx/e0yzbvwKH8zalA==
  dependencies:
    baseline-browser-mapping "^2.11.12"
    caniuse-lite "^1.0.30001809"
    electron-to-chromium "^1.5.402"
    node-releases "^2.0.53"
    update-browserslist-db "^1.3.0"

callsites@^3.0.0:
  version "3.1.0"
  resolved "https://registry.yarnpkg.com/callsites/-/callsites-3.1.0.tgz#b3630abd8943432f54b3f0519238e33cd7df2f73"
  integrity sha512-P8BjAsXvZS+VIDUI11hHCQEv74YT67YUi5JJFNWIqL235sBmjX4+qx9Muvls5ivyNENctx46xQLQ3aTuE7ssaQ==

caniuse-lite@^1.0.30001806, caniuse-lite@^1.0.30001809:
  version "1.0.30001809"
  resolved "https://registry.yarnpkg.com/caniuse-lite/-/caniuse-lite-1.0.30001809.tgz#e6cf71f14ddfe008f114dd2a846923be3c03a07b"
  integrity sha512-xxWVywk6a6Arlk+hymeycyn/VgqEfLDxupvhH/xiY5SJ/18kmi9o6MiO320DCUzypORHLtvh0I4i04tUhCNHNQ==

cosmiconfig@^9.0.0:
  version "9.0.2"
  resolved "https://registry.yarnpkg.com/cosmiconfig/-/cosmiconfig-9.0.2.tgz#9e5615163becf6a82211fb33d2f68947c25d0c5e"
  integrity sha512-gtTZxTDau1wL7Y7zifc2dd8jHSK/k6BTx/2Xp/BpdlAdnlYWFVt7qhJqgwi7637yRwRQ3qL4ZidbB4I8tA5VOg==
  dependencies:
    env-paths "^2.2.1"
    import-fresh "^3.3.0"
    js-yaml "^4.1.0"
    parse-json "^5.2.0"

css-loader@^7.1.4:
  version "7.1.4"
  resolved "https://registry.yarnpkg.com/css-loader/-/css-loader-7.1.4.tgz#8f6bf9f8fc8cbef7d2ef6e80acc6545eaefa90b1"
  integrity sha512-vv3J9tlOl04WjiMvHQI/9tmIrCxVrj6PFbHemBB1iihpeRbi/I4h033eoFIhwxBBqLhI0KYFS7yvynBFhIZfTw==
  dependencies:
    icss-utils "^5.1.0"
    postcss "^8.4.40"
    postcss-modules-extract-imports "^3.1.0"
    postcss-modules-local-by-default "^4.0.5"
    postcss-modules-scope "^3.2.0"
    postcss-modules-values "^4.0.0"
    postcss-value-parser "^4.2.0"
    semver "^7.6.3"

cssesc@^3.0.0:
  version "3.0.0"
  resolved "https://registry.yarnpkg.com/cssesc/-/cssesc-3.0.0.tgz#37741919903b868565e1c09ea747445cd18983ee"
  integrity sha512-/Tb/JcjK111nNScGob5MNtsntNM1aCNUDipB/TkwZFhyDrrE47SOx/18wF2bbjgc3ZzCSKW1T5nt5EbFoAz/Vg==

electron-to-chromium@^1.5.402:
  version "1.5.411"
  resolved "https://registry.yarnpkg.com/electron-to-chromium/-/electron-to-chromium-1.5.411.tgz#d56c7e43f91e2b3abb53b4eecd646e20d0b18b34"
  integrity sha512-gglkxzokjHfawpGxq75XdBV2/l3BAPzrsMs70qgaZdTW5rpV1tC4MdgJVP9fN126bODA4ZJQkn1wryEzJyQXIg==

env-paths@^2.2.1:
  version "2.2.1"
  resolved "https://registry.yarnpkg.com/env-paths/-/env-paths-2.2.1.tgz#420399d416ce1fbe9bc0a07c62fa68d67fd0f8f2"
  integrity sha512-+h1lkLKhZMTYjog1VEpJNG7NZJWcuc2DDk/qsqSTRRCOXiLjeQ1d1/udrUGhqMxUgAlwKNZ0cf2uqan5GLuS2A==

error-ex@^1.3.1:
  version "1.3.4"
  resolved "https://registry.yarnpkg.com/error-ex/-/error-ex-1.3.4.tgz#b3a8d8bb6f92eecc1629e3e27d3c8607a8a32414"
  integrity sha512-sqQamAnR14VgCr1A618A3sGrygcpK+HEbenA/HiEAkkUwcZIIB/tgWqHFxWgOyDh4nB4JCRimh79dR5Ywc9MDQ==
  dependencies:
    is-arrayish "^0.2.1"

escalade@^3.2.0:
  version "3.2.0"
  resolved "https://registry.yarnpkg.com/escalade/-/escalade-3.2.0.tgz#011a3f69856ba189dffa7dc8fcce99d2a87903e5"
  integrity sha512-WUj2qlxaQtO4g6Pq5c29GTcWGDyd8itL8zTlipgECz3JesAiiOKotd8JU6otB3PACgG6xkJUyVhboMS+bje/jA==

fraction.js@^5.3.4:
  version "5.3.4"
  resolved "https://registry.yarnpkg.com/fraction.js/-/fraction.js-5.3.4.tgz#8c0fcc6a9908262df4ed197427bdeef563e0699a"
  integrity sha512-1X1NTtiJphryn/uLQz3whtY6jK3fTqoE3ohKs0tT+Ujr1W59oopxmoEh7Lu5p6vBaPbgoM0bzveAW4Qi5RyWDQ==

icss-utils@^5.0.0, icss-utils@^5.1.0:
  version "5.1.0"
  resolved "https://registry.yarnpkg.com/icss-utils/-/icss-utils-5.1.0.tgz#c6be6858abd013d768e98366ae47e25d5887b1ae"
  integrity sha512-soFhflCVWLfRNOPU3iv5Z9VUdT44xFRbzjLsEzSr5AQmgqPMTHdU3PMT1Cf1ssx8fLNJDA1juftYl+PUcv3MqA==

import-fresh@^3.3.0:
  version "3.3.1"
  resolved "https://registry.yarnpkg.com/import-fresh/-/import-fresh-3.3.1.tgz#9cecb56503c0ada1f2741dbbd6546e4b13b57ccf"
  integrity sha512-TR3KfrTZTYLPB6jUjfx6MF9WcWrHL9su5TObK4ZkYgBdWKPOFoSoQIdEuTuR82pmtxH2spWG9h6etwfr1pLBqQ==
  dependencies:
    parent-module "^1.0.0"
    resolve-from "^4.0.0"

is-arrayish@^0.2.1:
  version "0.2.1"
  resolved "https://registry.yarnpkg.com/is-arrayish/-/is-arrayish-0.2.1.tgz#77c99840527aa8ecb1a8ba697b80645a7a926a9d"
  integrity sha512-zz06S8t0ozoDXMG+ube26zeCTNXcKIPJZJi8hBrF4idCLms4CG9QtK7qBl1boi5ODzFpjswb5JPmHCbMpjaYzg==

jiti@^2.5.1:
  version "2.7.0"
  resolved "https://registry.yarnpkg.com/jiti/-/jiti-2.7.0.tgz#974228f2f4ca2bc21885a1797b45fea68e950c64"
  integrity sha512-AC/7JofJvZGrrneWNaEnJeOLUx+JlGt7tNa0wZiRPT4MY1wmfKjt2+6O2p2uz2+skll8OZZmJMNqeke7kKbNgQ==

js-tokens@^4.0.0:
  version "4.0.0"
  resolved "https://registry.yarnpkg.com/js-tokens/-/js-tokens-4.0.0.tgz#19203fb59991df98e3a287050d4647cdeaf32499"
  integrity sha512-RdJUflcE3cUzKiMqQgsCu06FPu9UdIJO0beYbPhHN4k6apgJtifcoCtT9bcxOpYBtpD2kCM6Sbzg4CausW/PKQ==

js-yaml@^4.1.0:
  version "4.3.1"
  resolved "https://registry.yarnpkg.com/js-yaml/-/js-yaml-4.3.1.tgz#01216c001d67f48e2cd560d708c7af21090a3848"
  integrity sha512-CY6crGq313MX8GkwvB7tzgp99vjQxY1++5y10/BKN/GUfHqWaOGQMNZkBvqSzsZKWk/ijwHlWzzkLulsGHhjWQ==
  dependencies:
    argparse "^2.0.1"

json-parse-even-better-errors@^2.3.0:
  version "2.3.1"
  resolved "https://registry.yarnpkg.com/json-parse-even-better-errors/-/json-parse-even-better-errors-2.3.1.tgz#7c47805a94319928e05777405dc12e1f7a4ee02d"
  integrity sha512-xyFwyhro/JEof6Ghe2iz2NcXoj2sloNsWr/XsERDK/oiPCfaNhl5ONfp+jQdAZRQQ0IJWNzH9zIZF7li91kh2w==

lines-and-columns@^1.1.6:
  version "1.2.4"
  resolved "https://registry.yarnpkg.com/lines-and-columns/-/lines-and-columns-1.2.4.tgz#eca284f75d2965079309dc0ad9255abb2ebc1632"
  integrity sha512-7ylylesZQ/PV29jhEDl3Ufjo6ZX7gCqJr5F7PKrqc93v7fzSymt1BpwEU8nAUXs8qzzvqhbjhK5QZg6Mt/HkBg==

nanoid@^3.3.17:
  version "3.3.18"
  resolved "https://registry.yarnpkg.com/nanoid/-/nanoid-3.3.18.tgz#f66a2de1199ffde0fcf21c8a5f13106b1c081913"
  integrity sha512-DTg4MJbGMWkfi6VZFdNt2/caMbQy4Ou+Op/hJQvGEWcnVfoA1QA+xzRKAzw9jD6+GVOOeYr/mIcuDSdug6F6+w==

node-releases@^2.0.53:
  version "2.0.53"
  resolved "https://registry.yarnpkg.com/node-releases/-/node-releases-2.0.53.tgz#0fe5ad8a7935e075172f574e56f0c20f07fa41af"
  integrity sha512-D9UOmYG3UH1V+ENW56t5QXBwJw1YEY18ruVeus89Rw+SyIgjPkCO84bRzO3uNIYosJbNwiabWVn48o3uJLjxFQ==

parent-module@^1.0.0:
  version "1.0.1"
  resolved "https://registry.yarnpkg.com/parent-module/-/parent-module-1.0.1.tgz#691d2709e78c79fae3a156622452d00762caaaa2"
  integrity sha512-GQ2EWRpQV8/o+Aw8YqtfZZPfNRWZYkbidE9k5rpl/hC3vtHHBfGm2Ifi6qWV+coDGkrUKZAxE3Lot5kcsRlh+g==
  dependencies:
    callsites "^3.0.0"

parse-json@^5.2.0:
  version "5.2.0"
  resolved "https://registry.yarnpkg.com/parse-json/-/parse-json-5.2.0.tgz#c76fc66dee54231c962b22bcc8a72cf2f99753cd"
  integrity sha512-ayCKvm/phCGxOkYRSCM82iDwct8/EonSEgCSxWxD7ve6jHggsFl4fZVQBPRNgQoKiuV/odhFrGzQXZwbifC8Rg==
  dependencies:
    "@babel/code-frame" "^7.0.0"
    error-ex "^1.3.1"
    json-parse-even-better-errors "^2.3.0"
    lines-and-columns "^1.1.6"

picocolors@^1.1.1:
  version "1.1.1"
  resolved "https://registry.yarnpkg.com/picocolors/-/picocolors-1.1.1.tgz#3d321af3eab939b083c8f929a1d12cda81c26b6b"
  integrity sha512-xceH2snhtb5M9liqDsmEw56le376mTZkEX/jEb/RxNFyegNul7eNslCXP9FDj/Lcu0X8KEyMceP2ntpaHrDEVA==

postcss-loader@^8.2.1:
  version "8.2.1"
  resolved "https://registry.yarnpkg.com/postcss-loader/-/postcss-loader-8.2.1.tgz#c3d9b35498af906fe6c25eb62583c06f619f92fc"
  integrity sha512-k98jtRzthjj3f76MYTs9JTpRqV1RaaMhEU0Lpw9OTmQZQdppg4B30VZ74BojuBHt3F4KyubHJoXCMUeM8Bqeow==
  dependencies:
    cosmiconfig "^9.0.0"
    jiti "^2.5.1"
    semver "^7.6.2"

postcss-modules-extract-imports@^3.1.0:
  version "3.1.0"
  resolved "https://registry.yarnpkg.com/postcss-modules-extract-imports/-/postcss-modules-extract-imports-3.1.0.tgz#b4497cb85a9c0c4b5aabeb759bb25e8d89f15002"
  integrity sha512-k3kNe0aNFQDAZGbin48pL2VNidTF0w4/eASDsxlyspobzU3wZQLOGj7L9gfRe0Jo9/4uud09DsjFNH7winGv8Q==

postcss-modules-local-by-default@^4.0.5:
  version "4.2.0"
  resolved "https://registry.yarnpkg.com/postcss-modules-local-by-default/-/postcss-modules-local-by-default-4.2.0.tgz#d150f43837831dae25e4085596e84f6f5d6ec368"
  integrity sha512-5kcJm/zk+GJDSfw+V/42fJ5fhjL5YbFDl8nVdXkJPLLW+Vf9mTD5Xe0wqIaDnLuL2U6cDNpTr+UQ+v2HWIBhzw==
  dependencies:
    icss-utils "^5.0.0"
    postcss-selector-parser "^7.0.0"
    postcss-value-parser "^4.1.0"

postcss-modules-scope@^3.2.0:
  version "3.2.1"
  resolved "https://registry.yarnpkg.com/postcss-modules-scope/-/postcss-modules-scope-3.2.1.tgz#1bbccddcb398f1d7a511e0a2d1d047718af4078c"
  integrity sha512-m9jZstCVaqGjTAuny8MdgE88scJnCiQSlSrOWcTQgM2t32UBe+MUmFSO5t7VMSfAf/FJKImAxBav8ooCHJXCJA==
  dependencies:
    postcss-selector-parser "^7.0.0"

postcss-modules-values@^4.0.0:
  version "4.0.0"
  resolved "https://registry.yarnpkg.com/postcss-modules-values/-/postcss-modules-values-4.0.0.tgz#d7c5e7e68c3bb3c9b27cbf48ca0bb3ffb4602c9c"
  integrity sha512-RDxHkAiEGI78gS2ofyvCsu7iycRv7oqw5xMWn9iMoR0N/7mf9D50ecQqUo5BZ9Zh2vH4bCUR/ktCqbB9m8vJjQ==
  dependencies:
    icss-utils "^5.0.0"

postcss-nesting@^14.0.1:
  version "14.0.1"
  resolved "https://registry.yarnpkg.com/postcss-nesting/-/postcss-nesting-14.0.1.tgz#f5306f809faf9e70e9ab3b2fdc4dc627f1d72d4a"
  integrity sha512-80MH7KcmMtb7ffSBX82uZwnogltubaXF0sagu+OGD8M9jViR3ngRgCdoTzKCvKEtllB0MW2U7Rgfcub5fR1Bug==
  dependencies:
    "@csstools/selector-resolve-nested" "^4.0.1"
    "@csstools/selector-specificity" "^6.0.0"
    postcss-selector-parser "^7.1.1"

postcss-selector-parser@^7.0.0, postcss-selector-parser@^7.1.1:
  version "7.1.5"
  resolved "https://registry.yarnpkg.com/postcss-selector-parser/-/postcss-selector-parser-7.1.5.tgz#ee7b090724eb60739b530660e5b402200e694a97"
  integrity sha512-KvvtD7SrlBP7dlgkBghEE3r84CABm5SmV2aNcG4oCA+qDnJ/tvKonFVvwWAyyWUEwxuNawdfEAZKP9zM3oZ2Uw==
  dependencies:
    cssesc "^3.0.0"
    util-deprecate "^1.0.2"

postcss-value-parser@^4.1.0, postcss-value-parser@^4.2.0:
  version "4.2.0"
  resolved "https://registry.yarnpkg.com/postcss-value-parser/-/postcss-value-parser-4.2.0.tgz#723c09920836ba6d3e5af019f92bc0971c02e514"
  integrity sha512-1NNCs6uurfkVbeXG4S8JFT9t19m45ICnif8zWLd5oPSZ50QnwMfK+H3jv408d4jw/7Bttv5axS5IiHoLaVNHeQ==

postcss@^8.4.40, postcss@^8.5.26:
  version "8.5.26"
  resolved "https://registry.yarnpkg.com/postcss/-/postcss-8.5.26.tgz#6e75135780c7e10df3433bf2266c552d35c8c620"
  integrity sha512-u82N74LFzG8ca+dD8puPnplTXoGH4fTPpVGuIbt36G3qvNlkvfD0lEAZSxaly3KX8TS/L1A1gsCEmvKmBcVbkQ==
  dependencies:
    nanoid "^3.3.17"
    picocolors "^1.1.1"
    source-map-js "^1.2.1"

resolve-from@^4.0.0:
  version "4.0.0"
  resolved "https://registry.yarnpkg.com/resolve-from/-/resolve-from-4.0.0.tgz#4abcd852ad32dd7baabfe9b40e00a36db5f392e6"
  integrity sha512-pb/MYmXstAkysRFx8piNI1tGFNQIFA3vkE3Gq4EuA1dF6gHp/+vgZqsCGJapvy8N3Q+4o7FwvquPJcnZ7RYy4g==

semver@^7.6.2, semver@^7.6.3:
  version "7.8.5"
  resolved "https://registry.yarnpkg.com/semver/-/semver-7.8.5.tgz#39b646037dd50c14fb451e7e4cac58ed8b863f69"
  integrity sha512-Y7/KDsb8LjooZpwaqGyulO6DQlksgCncchHGk+sZIY4SBvUocMBEFH5Ur1fI4dV+Jvl0w6cjvucaIi40puRioA==

source-map-js@^1.2.1:
  version "1.2.1"
  resolved "https://registry.yarnpkg.com/source-map-js/-/source-map-js-1.2.1.tgz#1ce5650fddd87abc099eda37dcff024c2667ae46"
  integrity sha512-UXWMKhLOwVKb728IUtQPXxfYU+usdybtUrK/8uGE8CQMvrhOpwvzDBwj0QhSL7MQc7vIsISBG8VQ8+IDQxpfQA==

tslib@^2.4.0, tslib@^2.8.0:
  version "2.8.1"
  resolved "https://registry.yarnpkg.com/tslib/-/tslib-2.8.1.tgz#612efe4ed235d567e8aba5f2a5fab70280ade83f"
  integrity sha512-oJFu94HQb+KVduSUQL7wnpmqnfmLsOA/nAh6b6EH0wCEoK0/mPeXU6c3wKDV83MkOuHPRHtSXKKU99IBazS/2w==

update-browserslist-db@^1.3.0:
  version "1.3.1"
  resolved "https://registry.yarnpkg.com/update-browserslist-db/-/update-browserslist-db-1.3.1.tgz#a71c28dd22f505481dbc4689087b18d933e90afd"
  integrity sha512-ZZ61DsRsOnakl74HAmp3oSN4aXUmEWXf+i/yv0h7tIBfICc3VdrFErQKUUKPgu3AMsTUMbcongALEN4l6GSUrQ==
  dependencies:
    escalade "^3.2.0"
    picocolors "^1.1.1"

util-deprecate@^1.0.2:
  version "1.0.2"
  resolved "https://registry.yarnpkg.com/util-deprecate/-/util-deprecate-1.0.2.tgz#450d4dc9fa70de732762fbd2d4a28981419a0ccf"
  integrity sha512-EPD5q1uXyFxJpCrLnCc1nHnq3gOa6DZBocAIiI2TaSCA7VCJ1UJDMagCzIkXNsUYfD1daK//LTEQ8xiIbrHtcw==
